
Microsoft Visual Studio Solution File, Format Version 12.00
# Visual Studio Version 17
VisualStudioVersion = 17.14.36221.1 d17.14
MinimumVisualStudioVersion = 10.0.40219.1
Project("{F184B08F-C81C-45F6-A57F-5ABD9991F28F}") = "Attendance_Register_System", "Attendance_Register_System\Attendance_Register_System.vbproj", "{8C74F6FA-DAF9-48C0-8859-2D633DD4A8A5}"
EndProject
Project("{2150E333-8FDC-42A3-9474-1A3956D46DE8}") = "Solution Items", "Solution Items", "{8EC462FD-D22E-90A8-E5CE-7E832BA40C5D}"
	ProjectSection(SolutionItems) = preProject
		.gitignore = .gitignore
	EndProjectSection
EndProject
Global
	GlobalSection(SolutionConfigurationPlatforms) = preSolution
		Debug|x86 = Debug|x86
		Release|x86 = Release|x86
	EndGlobalSection
	GlobalSection(ProjectConfigurationPlatforms) = postSolution
		{8C74F6FA-DAF9-48C0-8859-2D633DD4A8A5}.Debug|x86.ActiveCfg = Debug|x86
		{8C74F6FA-DAF9-48C0-8859-2D633DD4A8A5}.Debug|x86.Build.0 = Debug|x86
		{8C74F6FA-DAF9-48C0-8859-2D633DD4A8A5}.Release|x86.ActiveCfg = Release|x86
		{8C74F6FA-DAF9-48C0-8859-2D633DD4A8A5}.Release|x86.Build.0 = Release|x86
	EndGlobalSection
	GlobalSection(SolutionProperties) = preSolution
		HideSolutionNode = FALSE
	EndGlobalSection
	GlobalSection(ExtensibilityGlobals) = postSolution
		SolutionGuid = {F1C70600-F6D4-48F3-A6DD-F5EE5DC0C126}
	EndGlobalSection
EndGlobal
